{
  "name": "obj-memory-cache",
  "version": "0.1.4",
  "lockfileVersion": 1,
  "requires": true,
  "dependencies": {
    "lzutf8": {
      "version": "0.5.5",
      "resolved": "https://registry.npmjs.org/lzutf8/-/lzutf8-0.5.5.tgz",
      "integrity": "sha512-x4AdRtP0ETRe0BW8V+TfW+8rOF5t3vWU/Z52twUqDRf0OiEuXiLvXNN6Zm8biFCTI9ffXBZb++THAjfkJ559Nw=="
    }
  }
}
